
Microsoft Visual Studio Solution File, Format Version 12.00
# Visual Studio Version 17
VisualStudioVersion = 17.7.34024.191
MinimumVisualStudioVersion = 10.0.40219.1
Project("{8BC9CEB8-8B4A-11D0-8D11-00A0C91BC942}") = "Linux_C_sample", "Linux_C_sample\Linux_C_sample.vcxproj", "{35119E88-3D00-49AB-ADC8-2F7FB5FAB8BB}"
EndProject
Global
	GlobalSection(SolutionConfigurationPlatforms) = preSolution
		Debug|ARM = Debug|ARM
		Debug|ARM64 = Debug|ARM64
		Debug|x64 = Debug|x64
		Debug|x86 = Debug|x86
		Release|ARM = Release|ARM
		Release|ARM64 = Release|ARM64
		Release|x64 = Release|x64
		Release|x86 = Release|x86
	EndGlobalSection
	GlobalSection(ProjectConfigurationPlatforms) = postSolution
		{35119E88-3D00-49AB-ADC8-2F7FB5FAB8BB}.Debug|ARM.ActiveCfg = Debug|ARM
		{35119E88-3D00-49AB-ADC8-2F7FB5FAB8BB}.Debug|ARM.Build.0 = Debug|ARM
		{35119E88-3D00-49AB-ADC8-2F7FB5FAB8BB}.Debug|ARM.Deploy.0 = Debug|ARM
		{35119E88-3D00-49AB-ADC8-2F7FB5FAB8BB}.Debug|ARM64.ActiveCfg = Debug|ARM64
		{35119E88-3D00-49AB-ADC8-2F7FB5FAB8BB}.Debug|ARM64.Build.0 = Debug|ARM64
		{35119E88-3D00-49AB-ADC8-2F7FB5FAB8BB}.Debug|ARM64.Deploy.0 = Debug|ARM64
		{35119E88-3D00-49AB-ADC8-2F7FB5FAB8BB}.Debug|x64.ActiveCfg = Debug|x64
		{35119E88-3D00-49AB-ADC8-2F7FB5FAB8BB}.Debug|x64.Build.0 = Debug|x64
		{35119E88-3D00-49AB-ADC8-2F7FB5FAB8BB}.Debug|x64.Deploy.0 = Debug|x64
		{35119E88-3D00-49AB-ADC8-2F7FB5FAB8BB}.Debug|x86.ActiveCfg = Debug|x86
		{35119E88-3D00-49AB-ADC8-2F7FB5FAB8BB}.Debug|x86.Build.0 = Debug|x86
		{35119E88-3D00-49AB-ADC8-2F7FB5FAB8BB}.Debug|x86.Deploy.0 = Debug|x86
		{35119E88-3D00-49AB-ADC8-2F7FB5FAB8BB}.Release|ARM.ActiveCfg = Release|ARM
		{35119E88-3D00-49AB-ADC8-2F7FB5FAB8BB}.Release|ARM.Build.0 = Release|ARM
		{35119E88-3D00-49AB-ADC8-2F7FB5FAB8BB}.Release|ARM.Deploy.0 = Release|ARM
		{35119E88-3D00-49AB-ADC8-2F7FB5FAB8BB}.Release|ARM64.ActiveCfg = Release|ARM64
		{35119E88-3D00-49AB-ADC8-2F7FB5FAB8BB}.Release|ARM64.Build.0 = Release|ARM64
		{35119E88-3D00-49AB-ADC8-2F7FB5FAB8BB}.Release|ARM64.Deploy.0 = Release|ARM64
		{35119E88-3D00-49AB-ADC8-2F7FB5FAB8BB}.Release|x64.ActiveCfg = Release|x64
		{35119E88-3D00-49AB-ADC8-2F7FB5FAB8BB}.Release|x64.Build.0 = Release|x64
		{35119E88-3D00-49AB-ADC8-2F7FB5FAB8BB}.Release|x64.Deploy.0 = Release|x64
		{35119E88-3D00-49AB-ADC8-2F7FB5FAB8BB}.Release|x86.ActiveCfg = Release|x86
		{35119E88-3D00-49AB-ADC8-2F7FB5FAB8BB}.Release|x86.Build.0 = Release|x86
		{35119E88-3D00-49AB-ADC8-2F7FB5FAB8BB}.Release|x86.Deploy.0 = Release|x86
	EndGlobalSection
	GlobalSection(SolutionProperties) = preSolution
		HideSolutionNode = FALSE
	EndGlobalSection
	GlobalSection(ExtensibilityGlobals) = postSolution
		SolutionGuid = {BC74F3C6-0C27-48BD-8F0C-995CEDEC4506}
	EndGlobalSection
EndGlobal
